
Microsoft Visual Studio Solution File, Format Version 12.00
# Visual Studio Version 16
VisualStudioVersion = 16.0.29230.47
MinimumVisualStudioVersion = 10.0.40219.1
Project("{FAE04EC0-301F-11D3-BF4B-00C04F79EFBC}") = "library-sql-transactions", "library-sql-transactions\library-sql-transactions.csproj", "{23C1F416-2964-4BEB-9C56-CDD78D59F0E1}"
EndProject
Project("{FAE04EC0-301F-11D3-BF4B-00C04F79EFBC}") = "Modelo", "Modelo\Modelo.csproj", "{F251B4B8-CAC3-4B15-BDD5-7FC74980B924}"
EndProject
Project("{FAE04EC0-301F-11D3-BF4B-00C04F79EFBC}") = "Datos", "Datos\Datos.csproj", "{9BEA0368-2113-443D-99E2-86C076385F2C}"
EndProject
Project("{FAE04EC0-301F-11D3-BF4B-00C04F79EFBC}") = "Controlador", "Controlador\Controlador.csproj", "{DD7EB00F-82B0-4A0A-92B0-E805BE4F68B0}"
EndProject
Global
	GlobalSection(SolutionConfigurationPlatforms) = preSolution
		Debug|Any CPU = Debug|Any CPU
		Release|Any CPU = Release|Any CPU
	EndGlobalSection
	GlobalSection(ProjectConfigurationPlatforms) = postSolution
		{23C1F416-2964-4BEB-9C56-CDD78D59F0E1}.Debug|Any CPU.ActiveCfg = Debug|Any CPU
		{23C1F416-2964-4BEB-9C56-CDD78D59F0E1}.Debug|Any CPU.Build.0 = Debug|Any CPU
		{23C1F416-2964-4BEB-9C56-CDD78D59F0E1}.Release|Any CPU.ActiveCfg = Release|Any CPU
		{23C1F416-2964-4BEB-9C56-CDD78D59F0E1}.Release|Any CPU.Build.0 = Release|Any CPU
		{F251B4B8-CAC3-4B15-BDD5-7FC74980B924}.Debug|Any CPU.ActiveCfg = Debug|Any CPU
		{F251B4B8-CAC3-4B15-BDD5-7FC74980B924}.Debug|Any CPU.Build.0 = Debug|Any CPU
		{F251B4B8-CAC3-4B15-BDD5-7FC74980B924}.Release|Any CPU.ActiveCfg = Release|Any CPU
		{F251B4B8-CAC3-4B15-BDD5-7FC74980B924}.Release|Any CPU.Build.0 = Release|Any CPU
		{9BEA0368-2113-443D-99E2-86C076385F2C}.Debug|Any CPU.ActiveCfg = Debug|Any CPU
		{9BEA0368-2113-443D-99E2-86C076385F2C}.Debug|Any CPU.Build.0 = Debug|Any CPU
		{9BEA0368-2113-443D-99E2-86C076385F2C}.Release|Any CPU.ActiveCfg = Release|Any CPU
		{9BEA0368-2113-443D-99E2-86C076385F2C}.Release|Any CPU.Build.0 = Release|Any CPU
		{DD7EB00F-82B0-4A0A-92B0-E805BE4F68B0}.Debug|Any CPU.ActiveCfg = Debug|Any CPU
		{DD7EB00F-82B0-4A0A-92B0-E805BE4F68B0}.Debug|Any CPU.Build.0 = Debug|Any CPU
		{DD7EB00F-82B0-4A0A-92B0-E805BE4F68B0}.Release|Any CPU.ActiveCfg = Release|Any CPU
		{DD7EB00F-82B0-4A0A-92B0-E805BE4F68B0}.Release|Any CPU.Build.0 = Release|Any CPU
	EndGlobalSection
	GlobalSection(SolutionProperties) = preSolution
		HideSolutionNode = FALSE
	EndGlobalSection
	GlobalSection(ExtensibilityGlobals) = postSolution
		SolutionGuid = {0744FF9E-CE34-46DE-9421-449352DF47CF}
	EndGlobalSection
EndGlobal
